// !$*UTF8*$!
{
	archiveVersion = 1;
	classes = {
	};
	objectVersion = 51;
	objects = {

/* Begin PBXBuildFile section */
		B30BE735DC8E06BE38BE8DDE /* Pods_Movie_Finder.framework in Frameworks */ = {isa = PBXBuildFile; fileRef = D0328A178254D2246C74362F /* Pods_Movie_Finder.framework */; };
		D0150243247F278500979235 /* RecentMoviesStackView.swift in Sources */ = {isa = PBXBuildFile; fileRef = D0150242247F278500979235 /* RecentMoviesStackView.swift */; };
		D0479E8624D9FF560094DB7F /* SearchFieldView.swift in Sources */ = {isa = PBXBuildFile; fileRef = D0479E8524D9FF560094DB7F /* SearchFieldView.swift */; };
		D0479E8824DA0EB70094DB7F /* MovieCell.swift in Sources */ = {isa = PBXBuildFile; fileRef = D0479E8724DA0EB70094DB7F /* MovieCell.swift */; };
		D0479E8A24DA14DD0094DB7F /* HomeDataSource.swift in Sources */ = {isa = PBXBuildFile; fileRef = D0479E8924DA14DD0094DB7F /* HomeDataSource.swift */; };
		D0479E8D24DA6AA40094DB7F /* SearchController.swift in Sources */ = {isa = PBXBuildFile; fileRef = D0479E8C24DA6AA40094DB7F /* SearchController.swift */; };
		D0479E8F24DA6ADA0094DB7F /* SearchView.swift in Sources */ = {isa = PBXBuildFile; fileRef = D0479E8E24DA6ADA0094DB7F /* SearchView.swift */; };
		D0479E9124DA6D340094DB7F /* SearchDataSource.swift in Sources */ = {isa = PBXBuildFile; fileRef = D0479E9024DA6D340094DB7F /* SearchDataSource.swift */; };
		D04D79D324DB70C0000BE4B4 /* MenuController.swift in Sources */ = {isa = PBXBuildFile; fileRef = D04D79D224DB70C0000BE4B4 /* MenuController.swift */; };
		D04D79D524DB70D5000BE4B4 /* MenuCell.swift in Sources */ = {isa = PBXBuildFile; fileRef = D04D79D424DB70D5000BE4B4 /* MenuCell.swift */; };
		D04D79D724DB71DF000BE4B4 /* MenuDataSource.swift in Sources */ = {isa = PBXBuildFile; fileRef = D04D79D624DB71DF000BE4B4 /* MenuDataSource.swift */; };
		D04D79DA24DCAC67000BE4B4 /* ShuffleController.swift in Sources */ = {isa = PBXBuildFile; fileRef = D04D79D924DCAC67000BE4B4 /* ShuffleController.swift */; };
		D04D79DC24DCAC72000BE4B4 /* ShuffleView.swift in Sources */ = {isa = PBXBuildFile; fileRef = D04D79DB24DCAC72000BE4B4 /* ShuffleView.swift */; };
		D04D79DE24DCC7E0000BE4B4 /* ButtonsContainerView.swift in Sources */ = {isa = PBXBuildFile; fileRef = D04D79DD24DCC7E0000BE4B4 /* ButtonsContainerView.swift */; };
		D04D79E024DDFA42000BE4B4 /* MovieListDataSource.swift in Sources */ = {isa = PBXBuildFile; fileRef = D04D79DF24DDFA42000BE4B4 /* MovieListDataSource.swift */; };
		D04D79E224DE0D7E000BE4B4 /* Data.swift in Sources */ = {isa = PBXBuildFile; fileRef = D04D79E124DE0D7E000BE4B4 /* Data.swift */; };
		D04D79E424E21C5D000BE4B4 /* Video.swift in Sources */ = {isa = PBXBuildFile; fileRef = D04D79E324E21C5D000BE4B4 /* Video.swift */; };
		D04D79E624E21E45000BE4B4 /* VideoList.swift in Sources */ = {isa = PBXBuildFile; fileRef = D04D79E524E21E45000BE4B4 /* VideoList.swift */; };
		D04D79E824E2459A000BE4B4 /* MovieListCell.swift in Sources */ = {isa = PBXBuildFile; fileRef = D04D79E724E2459A000BE4B4 /* MovieListCell.swift */; };
		D04D79EA24E25A87000BE4B4 /* SimilarMoviesController.swift in Sources */ = {isa = PBXBuildFile; fileRef = D04D79E924E25A87000BE4B4 /* SimilarMoviesController.swift */; };
		D04D79ED24E25AA8000BE4B4 /* SimilarMoviesView.swift in Sources */ = {isa = PBXBuildFile; fileRef = D04D79EC24E25AA8000BE4B4 /* SimilarMoviesView.swift */; };
		D0565444246E749D00553C71 /* MovieController.swift in Sources */ = {isa = PBXBuildFile; fileRef = D0565443246E749D00553C71 /* MovieController.swift */; };
		D0565446246E74AB00553C71 /* MovieView.swift in Sources */ = {isa = PBXBuildFile; fileRef = D0565445246E74AB00553C71 /* MovieView.swift */; };
		D085CCE0245B55050047B914 /* UIColor+Extension.swift in Sources */ = {isa = PBXBuildFile; fileRef = D085CCDF245B55050047B914 /* UIColor+Extension.swift */; };
		D085CCE2245BB51F0047B914 /* SubgenreList.swift in Sources */ = {isa = PBXBuildFile; fileRef = D085CCE1245BB51F0047B914 /* SubgenreList.swift */; };
		D095E9B824610F21003CCC53 /* Movie.swift in Sources */ = {isa = PBXBuildFile; fileRef = D095E9B724610F21003CCC53 /* Movie.swift */; };
		D095E9BA24610F2D003CCC53 /* MovieList.swift in Sources */ = {isa = PBXBuildFile; fileRef = D095E9B924610F2D003CCC53 /* MovieList.swift */; };
		D095E9BC24613053003CCC53 /* '-.swift in Sources */ = {isa = PBXBuildFile; fileRef = D095E9BB24613053003CCC53 /* '-.swift */; };
		D095E9BE2461323A003CCC53 /* MovieRecommendationView.swift in Sources */ = {isa = PBXBuildFile; fileRef = D095E9BD2461323A003CCC53 /* MovieRecommendationView.swift */; };
		D095E9C02461375F003CCC53 /* MoviesDataSource.swift in Sources */ = {isa = PBXBuildFile; fileRef = D095E9BF2461375F003CCC53 /* MoviesDataSource.swift */; };
		D095E9C224620F9A003CCC53 /* MovieCellView.swift in Sources */ = {isa = PBXBuildFile; fileRef = D095E9C124620F9A003CCC53 /* MovieCellView.swift */; };
		D095E9C4246211B4003CCC53 /* HomeCell.swift in Sources */ = {isa = PBXBuildFile; fileRef = D095E9C3246211B4003CCC53 /* HomeCell.swift */; };
		D095E9C6246253AB003CCC53 /* UIImageView+Extension.swift in Sources */ = {isa = PBXBuildFile; fileRef = D095E9C5246253AB003CCC53 /* UIImageView+Extension.swift */; };
		D09707582448FB5200FE39BD /* Result.swift in Sources */ = {isa = PBXBuildFile; fileRef = D09707572448FB5200FE39BD /* Result.swift */; };
		D097075A2448FFE200FE39BD /* APIClient.swift in Sources */ = {isa = PBXBuildFile; fileRef = D09707592448FFE200FE39BD /* APIClient.swift */; };
		D097075E24491B6200FE39BD /* MovieClient.swift in Sources */ = {isa = PBXBuildFile; fileRef = D097075D24491B6200FE39BD /* MovieClient.swift */; };
		D09E2C212457A1CE0028FC8B /* GenreList.swift in Sources */ = {isa = PBXBuildFile; fileRef = D09E2C202457A1CE0028FC8B /* GenreList.swift */; };
		D0A2787D2478728B0065A3A3 /* MovieDescriptionView.swift in Sources */ = {isa = PBXBuildFile; fileRef = D0A2787C2478728B0065A3A3 /* MovieDescriptionView.swift */; };
		D0C3256824D9098E00321BD5 /* ActorsDataSource.swift in Sources */ = {isa = PBXBuildFile; fileRef = D0C3256724D9098E00321BD5 /* ActorsDataSource.swift */; };
		D0C3256A24D90AC200321BD5 /* ActorCell.swift in Sources */ = {isa = PBXBuildFile; fileRef = D0C3256924D90AC200321BD5 /* ActorCell.swift */; };
		D0C3256C24D9159D00321BD5 /* Actor.swift in Sources */ = {isa = PBXBuildFile; fileRef = D0C3256B24D9159D00321BD5 /* Actor.swift */; };
		D0C3256E24D915A600321BD5 /* ActorList.swift in Sources */ = {isa = PBXBuildFile; fileRef = D0C3256D24D915A600321BD5 /* ActorList.swift */; };
		D0C3257024D9FD2100321BD5 /* HomeController.swift in Sources */ = {isa = PBXBuildFile; fileRef = D0C3256F24D9FD2100321BD5 /* HomeController.swift */; };
		D0C3257324D9FD3900321BD5 /* HomeView.swift in Sources */ = {isa = PBXBuildFile; fileRef = D0C3257224D9FD3900321BD5 /* HomeView.swift */; };
		D0D077302487801F00CF9F8B /* RecentMoviesDataSource.swift in Sources */ = {isa = PBXBuildFile; fileRef = D0D0772F2487801F00CF9F8B /* RecentMoviesDataSource.swift */; };
		D0D1DFF724E25F1400074D48 /* SimilarMoviesDataSource.swift in Sources */ = {isa = PBXBuildFile; fileRef = D0D1DFF624E25F1400074D48 /* SimilarMoviesDataSource.swift */; };
		D0EB37C8247B1B610091EE33 /* MovieListController.swift in Sources */ = {isa = PBXBuildFile; fileRef = D0EB37C7247B1B610091EE33 /* MovieListController.swift */; };
		D0EB37CA247B1B730091EE33 /* MovieListView.swift in Sources */ = {isa = PBXBuildFile; fileRef = D0EB37C9247B1B730091EE33 /* MovieListView.swift */; };
		D0EB37CD247B1D8C0091EE33 /* TabController.swift in Sources */ = {isa = PBXBuildFile; fileRef = D0EB37CC247B1D8C0091EE33 /* TabController.swift */; };
		D0F78B6124385BD200213881 /* AppDelegate.swift in Sources */ = {isa = PBXBuildFile; fileRef = D0F78B6024385BD200213881 /* AppDelegate.swift */; };
		D0F78B6324385BD200213881 /* SceneDelegate.swift in Sources */ = {isa = PBXBuildFile; fileRef = D0F78B6224385BD200213881 /* SceneDelegate.swift */; };
		D0F78B6524385BD200213881 /* MovieGenresController.swift in Sources */ = {isa = PBXBuildFile; fileRef = D0F78B6424385BD200213881 /* MovieGenresController.swift */; };
		D0F78B6A24385BD800213881 /* Assets.xcassets in Resources */ = {isa = PBXBuildFile; fileRef = D0F78B6924385BD800213881 /* Assets.xcassets */; };
		D0F78B6D24385BD800213881 /* LaunchScreen.storyboard in Resources */ = {isa = PBXBuildFile; fileRef = D0F78B6B24385BD800213881 /* LaunchScreen.storyboard */; };
		D0F78B77243E7E6600213881 /* MovieGenresView.swift in Sources */ = {isa = PBXBuildFile; fileRef = D0F78B76243E7E6600213881 /* MovieGenresView.swift */; };
		D0F78B7A243E813B00213881 /* UIView+Extension.swift in Sources */ = {isa = PBXBuildFile; fileRef = D0F78B79243E813B00213881 /* UIView+Extension.swift */; };
		D0F78B81243E9F9500213881 /* Genre.swift in Sources */ = {isa = PBXBuildFile; fileRef = D0F78B80243E9F9500213881 /* Genre.swift */; };
		D0F78B84243EAA1700213881 /* MovieGenresDataSource.swift in Sources */ = {isa = PBXBuildFile; fileRef = D0F78B83243EAA1700213881 /* MovieGenresDataSource.swift */; };
		D0F78B862441235200213881 /* MovieGenreCell.swift in Sources */ = {isa = PBXBuildFile; fileRef = D0F78B852441235200213881 /* MovieGenreCell.swift */; };
		D0F78B8A244134CD00213881 /* Endpoint.swift in Sources */ = {isa = PBXBuildFile; fileRef = D0F78B89244134CD00213881 /* Endpoint.swift */; };
/* End PBXBuildFile section */

/* Begin PBXFileReference section */
		31F9CC11353B80C69BC004AE /* Pods-Movie-Finder.release.xcconfig */ = {isa = PBXFileReference; includeInIndex = 1; lastKnownFileType = text.xcconfig; name = "Pods-Movie-Finder.release.xcconfig"; path = "Target Support Files/Pods-Movie-Finder/Pods-Movie-Finder.release.xcconfig"; sourceTree = "<group>"; };
		BE50788DFCBD761D03012176 /* Pods-Movie-Finder.debug.xcconfig */ = {isa = PBXFileReference; includeInIndex = 1; lastKnownFileType = text.xcconfig; name = "Pods-Movie-Finder.debug.xcconfig"; path = "Target Support Files/Pods-Movie-Finder/Pods-Movie-Finder.debug.xcconfig"; sourceTree = "<group>"; };
		D0150242247F278500979235 /* RecentMoviesStackView.swift */ = {isa = PBXFileReference; lastKnownFileType = sourcecode.swift; path = RecentMoviesStackView.swift; sourceTree = "<group>"; };
		D0328A178254D2246C74362F /* Pods_Movie_Finder.framework */ = {isa = PBXFileReference; explicitFileType = wrapper.framework; includeInIndex = 0; path = Pods_Movie_Finder.framework; sourceTree = BUILT_PRODUCTS_DIR; };
		D0479E8524D9FF560094DB7F /* SearchFieldView.swift */ = {isa = PBXFileReference; lastKnownFileType = sourcecode.swift; path = SearchFieldView.swift; sourceTree = "<group>"; };
		D0479E8724DA0EB70094DB7F /* MovieCell.swift */ = {isa = PBXFileReference; lastKnownFileType = sourcecode.swift; path = MovieCell.swift; sourceTree = "<group>"; };
		D0479E8924DA14DD0094DB7F /* HomeDataSource.swift */ = {isa = PBXFileReference; lastKnownFileType = sourcecode.swift; path = HomeDataSource.swift; sourceTree = "<group>"; };
		D0479E8C24DA6AA40094DB7F /* SearchController.swift */ = {isa = PBXFileReference; lastKnownFileType = sourcecode.swift; path = SearchController.swift; sourceTree = "<group>"; };
		D0479E8E24DA6ADA0094DB7F /* SearchView.swift */ = {isa = PBXFileReference; lastKnownFileType = sourcecode.swift; path = SearchView.swift; sourceTree = "<group>"; };
		D0479E9024DA6D340094DB7F /* SearchDataSource.swift */ = {isa = PBXFileReference; lastKnownFileType = sourcecode.swift; path = SearchDataSource.swift; sourceTree = "<group>"; };
		D04D79D224DB70C0000BE4B4 /* MenuController.swift */ = {isa = PBXFileReference; lastKnownFileType = sourcecode.swift; path = MenuController.swift; sourceTree = "<group>"; };
		D04D79D424DB70D5000BE4B4 /* MenuCell.swift */ = {isa = PBXFileReference; lastKnownFileType = sourcecode.swift; path = MenuCell.swift; sourceTree = "<group>"; };
		D04D79D624DB71DF000BE4B4 /* MenuDataSource.swift */ = {isa = PBXFileReference; lastKnownFileType = sourcecode.swift; path = MenuDataSource.swift; sourceTree = "<group>"; };
		D04D79D924DCAC67000BE4B4 /* ShuffleController.swift */ = {isa = PBXFileReference; lastKnownFileType = sourcecode.swift; path = ShuffleController.swift; sourceTree = "<group>"; };
		D04D79DB24DCAC72000BE4B4 /* ShuffleView.swift */ = {isa = PBXFileReference; lastKnownFileType = sourcecode.swift; path = ShuffleView.swift; sourceTree = "<group>"; };
		D04D79DD24DCC7E0000BE4B4 /* ButtonsContainerView.swift */ = {isa = PBXFileReference; lastKnownFileType = sourcecode.swift; path = ButtonsContainerView.swift; sourceTree = "<group>"; };
		D04D79DF24DDFA42000BE4B4 /* MovieListDataSource.swift */ = {isa = PBXFileReference; lastKnownFileType = sourcecode.swift; path = MovieListDataSource.swift; sourceTree = "<group>"; };
		D04D79E124DE0D7E000BE4B4 /* Data.swift */ = {isa = PBXFileReference; lastKnownFileType = sourcecode.swift; path = Data.swift; sourceTree = "<group>"; };
		D04D79E324E21C5D000BE4B4 /* Video.swift */ = {isa = PBXFileReference; lastKnownFileType = sourcecode.swift; path = Video.swift; sourceTree = "<group>"; };
		D04D79E524E21E45000BE4B4 /* VideoList.swift */ = {isa = PBXFileReference; lastKnownFileType = sourcecode.swift; path = VideoList.swift; sourceTree = "<group>"; };
		D04D79E724E2459A000BE4B4 /* MovieListCell.swift */ = {isa = PBXFileReference; lastKnownFileType = sourcecode.swift; path = MovieListCell.swift; sourceTree = "<group>"; };
		D04D79E924E25A87000BE4B4 /* SimilarMoviesController.swift */ = {isa = PBXFileReference; lastKnownFileType = sourcecode.swift; path = SimilarMoviesController.swift; sourceTree = "<group>"; };
		D04D79EC24E25AA8000BE4B4 /* SimilarMoviesView.swift */ = {isa = PBXFileReference; lastKnownFileType = sourcecode.swift; path = SimilarMoviesView.swift; sourceTree = "<group>"; };
		D0565443246E749D00553C71 /* MovieController.swift */ = {isa = PBXFileReference; lastKnownFileType = sourcecode.swift; path = MovieController.swift; sourceTree = "<group>"; };
		D0565445246E74AB00553C71 /* MovieView.swift */ = {isa = PBXFileReference; lastKnownFileType = sourcecode.swift; path = MovieView.swift; sourceTree = "<group>"; };
		D085CCDF245B55050047B914 /* UIColor+Extension.swift */ = {isa = PBXFileReference; lastKnownFileType = sourcecode.swift; path = "UIColor+Extension.swift"; sourceTree = "<group>"; };
		D085CCE1245BB51F0047B914 /* SubgenreList.swift */ = {isa = PBXFileReference; lastKnownFileType = sourcecode.swift; path = SubgenreList.swift; sourceTree = "<group>"; };
		D095E9B724610F21003CCC53 /* Movie.swift */ = {isa = PBXFileReference; lastKnownFileType = sourcecode.swift; path = Movie.swift; sourceTree = "<group>"; };
		D095E9B924610F2D003CCC53 /* MovieList.swift */ = {isa = PBXFileReference; lastKnownFileType = sourcecode.swift; path = MovieList.swift; sourceTree = "<group>"; };
		D095E9BB24613053003CCC53 /* '-.swift */ = {isa = PBXFileReference; lastKnownFileType = sourcecode.swift; path = "'-.swift"; sourceTree = "<group>"; };
		D095E9BD2461323A003CCC53 /* MovieRecommendationView.swift */ = {isa = PBXFileReference; lastKnownFileType = sourcecode.swift; path = MovieRecommendationView.swift; sourceTree = "<group>"; };
		D095E9BF2461375F003CCC53 /* MoviesDataSource.swift */ = {isa = PBXFileReference; lastKnownFileType = sourcecode.swift; path = MoviesDataSource.swift; sourceTree = "<group>"; };
		D095E9C124620F9A003CCC53 /* MovieCellView.swift */ = {isa = PBXFileReference; lastKnownFileType = sourcecode.swift; path = MovieCellView.swift; sourceTree = "<group>"; };
		D095E9C3246211B4003CCC53 /* HomeCell.swift */ = {isa = PBXFileReference; lastKnownFileType = sourcecode.swift; path = HomeCell.swift; sourceTree = "<group>"; };
		D095E9C5246253AB003CCC53 /* UIImageView+Extension.swift */ = {isa = PBXFileReference; lastKnownFileType = sourcecode.swift; path = "UIImageView+Extension.swift"; sourceTree = "<group>"; };
		D09707572448FB5200FE39BD /* Result.swift */ = {isa = PBXFileReference; lastKnownFileType = sourcecode.swift; path = Result.swift; sourceTree = "<group>"; };
		D09707592448FFE200FE39BD /* APIClient.swift */ = {isa = PBXFileReference; lastKnownFileType = sourcecode.swift; path = APIClient.swift; sourceTree = "<group>"; };
		D097075D24491B6200FE39BD /* MovieClient.swift */ = {isa = PBXFileReference; lastKnownFileType = sourcecode.swift; path = MovieClient.swift; sourceTree = "<group>"; };
		D09E2C202457A1CE0028FC8B /* GenreList.swift */ = {isa = PBXFileReference; lastKnownFileType = sourcecode.swift; path = GenreList.swift; sourceTree = "<group>"; };
		D0A2787C2478728B0065A3A3 /* MovieDescriptionView.swift */ = {isa = PBXFileReference; lastKnownFileType = sourcecode.swift; path = MovieDescriptionView.swift; sourceTree = "<group>"; };
		D0C3256724D9098E00321BD5 /* ActorsDataSource.swift */ = {isa = PBXFileReference; lastKnownFileType = sourcecode.swift; path = ActorsDataSource.swift; sourceTree = "<group>"; };
		D0C3256924D90AC200321BD5 /* ActorCell.swift */ = {isa = PBXFileReference; lastKnownFileType = sourcecode.swift; path = ActorCell.swift; sourceTree = "<group>"; };
		D0C3256B24D9159D00321BD5 /* Actor.swift */ = {isa = PBXFileReference; lastKnownFileType = sourcecode.swift; path = Actor.swift; sourceTree = "<group>"; };
		D0C3256D24D915A600321BD5 /* ActorList.swift */ = {isa = PBXFileReference; lastKnownFileType = sourcecode.swift; path = ActorList.swift; sourceTree = "<group>"; };
		D0C3256F24D9FD2100321BD5 /* HomeController.swift */ = {isa = PBXFileReference; lastKnownFileType = sourcecode.swift; path = HomeController.swift; sourceTree = "<group>"; };
		D0C3257224D9FD3900321BD5 /* HomeView.swift */ = {isa = PBXFileReference; lastKnownFileType = sourcecode.swift; path = HomeView.swift; sourceTree = "<group>"; };
		D0D0772F2487801F00CF9F8B /* RecentMoviesDataSource.swift */ = {isa = PBXFileReference; lastKnownFileType = sourcecode.swift; path = RecentMoviesDataSource.swift; sourceTree = "<group>"; };
		D0D1DFF624E25F1400074D48 /* SimilarMoviesDataSource.swift */ = {isa = PBXFileReference; lastKnownFileType = sourcecode.swift; path = SimilarMoviesDataSource.swift; sourceTree = "<group>"; };
		D0EB37C7247B1B610091EE33 /* MovieListController.swift */ = {isa = PBXFileReference; lastKnownFileType = sourcecode.swift; path = MovieListController.swift; sourceTree = "<group>"; };
		D0EB37C9247B1B730091EE33 /* MovieListView.swift */ = {isa = PBXFileReference; lastKnownFileType = sourcecode.swift; path = MovieListView.swift; sourceTree = "<group>"; };
		D0EB37CC247B1D8C0091EE33 /* TabController.swift */ = {isa = PBXFileReference; lastKnownFileType = sourcecode.swift; path = TabController.swift; sourceTree = "<group>"; };
		D0F78B5D24385BD200213881 /* Movie-Finder.app */ = {isa = PBXFileReference; explicitFileType = wrapper.application; includeInIndex = 0; path = "Movie-Finder.app"; sourceTree = BUILT_PRODUCTS_DIR; };
		D0F78B6024385BD200213881 /* AppDelegate.swift */ = {isa = PBXFileReference; lastKnownFileType = sourcecode.swift; path = AppDelegate.swift; sourceTree = "<group>"; };
		D0F78B6224385BD200213881 /* SceneDelegate.swift */ = {isa = PBXFileReference; lastKnownFileType = sourcecode.swift; path = SceneDelegate.swift; sourceTree = "<group>"; };
		D0F78B6424385BD200213881 /* MovieGenresController.swift */ = {isa = PBXFileReference; lastKnownFileType = sourcecode.swift; path = MovieGenresController.swift; sourceTree = "<group>"; };
		D0F78B6924385BD800213881 /* Assets.xcassets */ = {isa = PBXFileReference; lastKnownFileType = folder.assetcatalog; path = Assets.xcassets; sourceTree = "<group>"; };
		D0F78B6C24385BD800213881 /* Base */ = {isa = PBXFileReference; lastKnownFileType = file.storyboard; name = Base; path = Base.lproj/LaunchScreen.storyboard; sourceTree = "<group>"; };
		D0F78B6E24385BD800213881 /* Info.plist */ = {isa = PBXFileReference; lastKnownFileType = text.plist.xml; path = Info.plist; sourceTree = "<group>"; };
		D0F78B76243E7E6600213881 /* MovieGenresView.swift */ = {isa = PBXFileReference; lastKnownFileType = sourcecode.swift; path = MovieGenresView.swift; sourceTree = "<group>"; };
		D0F78B79243E813B00213881 /* UIView+Extension.swift */ = {isa = PBXFileReference; lastKnownFileType = sourcecode.swift; path = "UIView+Extension.swift"; sourceTree = "<group>"; };
		D0F78B80243E9F9500213881 /* Genre.swift */ = {isa = PBXFileReference; lastKnownFileType = sourcecode.swift; path = Genre.swift; sourceTree = "<group>"; };
		D0F78B83243EAA1700213881 /* MovieGenresDataSource.swift */ = {isa = PBXFileReference; lastKnownFileType = sourcecode.swift; path = MovieGenresDataSource.swift; sourceTree = "<group>"; };
		D0F78B852441235200213881 /* MovieGenreCell.swift */ = {isa = PBXFileReference; lastKnownFileType = sourcecode.swift; path = MovieGenreCell.swift; sourceTree = "<group>"; };
		D0F78B89244134CD00213881 /* Endpoint.swift */ = {isa = PBXFileReference; lastKnownFileType = sourcecode.swift; path = Endpoint.swift; sourceTree = "<group>"; };
/* End PBXFileReference section */

/* Begin PBXFrameworksBuildPhase section */
		D0F78B5A24385BD200213881 /* Frameworks */ = {
			isa = PBXFrameworksBuildPhase;
			buildActionMask = 2147483647;
			files = (
				B30BE735DC8E06BE38BE8DDE /* Pods_Movie_Finder.framework in Frameworks */,
			);
			runOnlyForDeploymentPostprocessing = 0;
		};
/* End PBXFrameworksBuildPhase section */

/* Begin PBXGroup section */
		2B27FB27DA882392F48B810B /* Pods */ = {
			isa = PBXGroup;
			children = (
				BE50788DFCBD761D03012176 /* Pods-Movie-Finder.debug.xcconfig */,
				31F9CC11353B80C69BC004AE /* Pods-Movie-Finder.release.xcconfig */,
			);
			path = Pods;
			sourceTree = "<group>";
		};
		D0479E8B24DA6A820094DB7F /* Search */ = {
			isa = PBXGroup;
			children = (
				D0479E8C24DA6AA40094DB7F /* SearchController.swift */,
				D0479E8E24DA6ADA0094DB7F /* SearchView.swift */,
				D0479E9024DA6D340094DB7F /* SearchDataSource.swift */,
			);
			path = Search;
			sourceTree = "<group>";
		};
		D04D79D124DB70A4000BE4B4 /* Menu */ = {
			isa = PBXGroup;
			children = (
				D04D79D224DB70C0000BE4B4 /* MenuController.swift */,
				D04D79D424DB70D5000BE4B4 /* MenuCell.swift */,
				D04D79D624DB71DF000BE4B4 /* MenuDataSource.swift */,
			);
			path = Menu;
			sourceTree = "<group>";
		};
		D04D79D824DCAC43000BE4B4 /* Shuffle */ = {
			isa = PBXGroup;
			children = (
				D04D79D924DCAC67000BE4B4 /* ShuffleController.swift */,
				D04D79DB24DCAC72000BE4B4 /* ShuffleView.swift */,
				D04D79DD24DCC7E0000BE4B4 /* ButtonsContainerView.swift */,
			);
			path = Shuffle;
			sourceTree = "<group>";
		};
		D04D79EB24E25A93000BE4B4 /* SimilarMovies */ = {
			isa = PBXGroup;
			children = (
				D04D79E924E25A87000BE4B4 /* SimilarMoviesController.swift */,
				D04D79EC24E25AA8000BE4B4 /* SimilarMoviesView.swift */,
				D0D1DFF624E25F1400074D48 /* SimilarMoviesDataSource.swift */,
			);
			path = SimilarMovies;
			sourceTree = "<group>";
		};
		D0565442246E747200553C71 /* Movie */ = {
			isa = PBXGroup;
			children = (
				D0565443246E749D00553C71 /* MovieController.swift */,
				D0565445246E74AB00553C71 /* MovieView.swift */,
				D0A2787C2478728B0065A3A3 /* MovieDescriptionView.swift */,
				D0C3256724D9098E00321BD5 /* ActorsDataSource.swift */,
				D0C3256924D90AC200321BD5 /* ActorCell.swift */,
			);
			path = Movie;
			sourceTree = "<group>";
		};
		D0C3257124D9FD2900321BD5 /* Home */ = {
			isa = PBXGroup;
			children = (
				D0C3256F24D9FD2100321BD5 /* HomeController.swift */,
				D0C3257224D9FD3900321BD5 /* HomeView.swift */,
				D0479E8524D9FF560094DB7F /* SearchFieldView.swift */,
				D095E9C3246211B4003CCC53 /* HomeCell.swift */,
				D0479E8924DA14DD0094DB7F /* HomeDataSource.swift */,
				D0D0772F2487801F00CF9F8B /* RecentMoviesDataSource.swift */,
			);
			path = Home;
			sourceTree = "<group>";
		};
		D0EB37C6247B1B1F0091EE33 /* RecentMovies */ = {
			isa = PBXGroup;
			children = (
				D0EB37C7247B1B610091EE33 /* MovieListController.swift */,
				D0EB37C9247B1B730091EE33 /* MovieListView.swift */,
				D0150242247F278500979235 /* RecentMoviesStackView.swift */,
				D04D79DF24DDFA42000BE4B4 /* MovieListDataSource.swift */,
				D04D79E724E2459A000BE4B4 /* MovieListCell.swift */,
			);
			path = RecentMovies;
			sourceTree = "<group>";
		};
		D0EB37CB247B1D7C0091EE33 /* TabController */ = {
			isa = PBXGroup;
			children = (
				D0EB37CC247B1D8C0091EE33 /* TabController.swift */,
			);
			path = TabController;
			sourceTree = "<group>";
		};
		D0F78B5424385BD100213881 = {
			isa = PBXGroup;
			children = (
				D0F78B5F24385BD200213881 /* Movie-Finder */,
				D0F78B5E24385BD200213881 /* Products */,
				2B27FB27DA882392F48B810B /* Pods */,
				F9F3A1372AE45C721BA8863D /* Frameworks */,
			);
			sourceTree = "<group>";
		};
		D0F78B5E24385BD200213881 /* Products */ = {
			isa = PBXGroup;
			children = (
				D0F78B5D24385BD200213881 /* Movie-Finder.app */,
			);
			name = Products;
			sourceTree = "<group>";
		};
		D0F78B5F24385BD200213881 /* Movie-Finder */ = {
			isa = PBXGroup;
			children = (
				D04D79EB24E25A93000BE4B4 /* SimilarMovies */,
				D04D79D824DCAC43000BE4B4 /* Shuffle */,
				D04D79D124DB70A4000BE4B4 /* Menu */,
				D0479E8B24DA6A820094DB7F /* Search */,
				D0C3257124D9FD2900321BD5 /* Home */,
				D0EB37CB247B1D7C0091EE33 /* TabController */,
				D0EB37C6247B1B1F0091EE33 /* RecentMovies */,
				D0565442246E747200553C71 /* Movie */,
				D0F78B88244134BE00213881 /* Networking */,
				D0F78B752438638D00213881 /* MovieGenres */,
				D0F78B742438637C00213881 /* MovieRecommendations */,
				D0F78B82243E9F9A00213881 /* Models */,
				D0F78B78243E812C00213881 /* Extensions */,
				D0F78B7D243E82E400213881 /* Constants */,
				D0F78B6024385BD200213881 /* AppDelegate.swift */,
				D0F78B6224385BD200213881 /* SceneDelegate.swift */,
				D0F78B6924385BD800213881 /* Assets.xcassets */,
				D0F78B6B24385BD800213881 /* LaunchScreen.storyboard */,
				D0F78B6E24385BD800213881 /* Info.plist */,
			);
			path = "Movie-Finder";
			sourceTree = "<group>";
		};
		D0F78B742438637C00213881 /* MovieRecommendations */ = {
			isa = PBXGroup;
			children = (
				D095E9BB24613053003CCC53 /* '-.swift */,
				D095E9BD2461323A003CCC53 /* MovieRecommendationView.swift */,
				D095E9BF2461375F003CCC53 /* MoviesDataSource.swift */,
				D095E9C124620F9A003CCC53 /* MovieCellView.swift */,
				D0479E8724DA0EB70094DB7F /* MovieCell.swift */,
			);
			path = MovieRecommendations;
			sourceTree = "<group>";
		};
		D0F78B752438638D00213881 /* MovieGenres */ = {
			isa = PBXGroup;
			children = (
				D0F78B6424385BD200213881 /* MovieGenresController.swift */,
				D0F78B76243E7E6600213881 /* MovieGenresView.swift */,
				D0F78B83243EAA1700213881 /* MovieGenresDataSource.swift */,
				D0F78B852441235200213881 /* MovieGenreCell.swift */,
			);
			path = MovieGenres;
			sourceTree = "<group>";
		};
		D0F78B78243E812C00213881 /* Extensions */ = {
			isa = PBXGroup;
			children = (
				D0F78B79243E813B00213881 /* UIView+Extension.swift */,
				D085CCDF245B55050047B914 /* UIColor+Extension.swift */,
				D095E9C5246253AB003CCC53 /* UIImageView+Extension.swift */,
			);
			path = Extensions;
			sourceTree = "<group>";
		};
		D0F78B7D243E82E400213881 /* Constants */ = {
			isa = PBXGroup;
			children = (
			);
			path = Constants;
			sourceTree = "<group>";
		};
		D0F78B82243E9F9A00213881 /* Models */ = {
			isa = PBXGroup;
			children = (
				D0F78B80243E9F9500213881 /* Genre.swift */,
				D09E2C202457A1CE0028FC8B /* GenreList.swift */,
				D085CCE1245BB51F0047B914 /* SubgenreList.swift */,
				D095E9B724610F21003CCC53 /* Movie.swift */,
				D095E9B924610F2D003CCC53 /* MovieList.swift */,
				D0C3256B24D9159D00321BD5 /* Actor.swift */,
				D0C3256D24D915A600321BD5 /* ActorList.swift */,
				D04D79E124DE0D7E000BE4B4 /* Data.swift */,
				D04D79E324E21C5D000BE4B4 /* Video.swift */,
				D04D79E524E21E45000BE4B4 /* VideoList.swift */,
			);
			path = Models;
			sourceTree = "<group>";
		};
		D0F78B88244134BE00213881 /* Networking */ = {
			isa = PBXGroup;
			children = (
				D0F78B89244134CD00213881 /* Endpoint.swift */,
				D09707572448FB5200FE39BD /* Result.swift */,
				D09707592448FFE200FE39BD /* APIClient.swift */,
				D097075D24491B6200FE39BD /* MovieClient.swift */,
			);
			path = Networking;
			sourceTree = "<group>";
		};
		F9F3A1372AE45C721BA8863D /* Frameworks */ = {
			isa = PBXGroup;
			children = (
				D0328A178254D2246C74362F /* Pods_Movie_Finder.framework */,
			);
			name = Frameworks;
			sourceTree = "<group>";
		};
/* End PBXGroup section */

/* Begin PBXNativeTarget section */
		D0F78B5C24385BD200213881 /* Movie-Finder */ = {
			isa = PBXNativeTarget;
			buildConfigurationList = D0F78B7124385BD800213881 /* Build configuration list for PBXNativeTarget "Movie-Finder" */;
			buildPhases = (
				49600BEDF99A43E914B7F8D5 /* [CP] Check Pods Manifest.lock */,
				D0F78B5924385BD200213881 /* Sources */,
				D0F78B5A24385BD200213881 /* Frameworks */,
				D0F78B5B24385BD200213881 /* Resources */,
				5905CE554CB374F0FC6273D3 /* [CP] Embed Pods Frameworks */,
			);
			buildRules = (
			);
			dependencies = (
			);
			name = "Movie-Finder";
			productName = "Movie-Finder";
			productReference = D0F78B5D24385BD200213881 /* Movie-Finder.app */;
			productType = "com.apple.product-type.application";
		};
/* End PBXNativeTarget section */

/* Begin PBXProject section */
		D0F78B5524385BD100213881 /* Project object */ = {
			isa = PBXProject;
			attributes = {
				LastSwiftUpdateCheck = 1130;
				LastUpgradeCheck = 1130;
				ORGANIZATIONNAME = "Alexis Orellano";
				TargetAttributes = {
					D0F78B5C24385BD200213881 = {
						CreatedOnToolsVersion = 11.3.1;
					};
				};
			};
			buildConfigurationList = D0F78B5824385BD100213881 /* Build configuration list for PBXProject "Movie-Finder" */;
			compatibilityVersion = "Xcode 9.3";
			developmentRegion = en;
			hasScannedForEncodings = 0;
			knownRegions = (
				en,
				Base,
			);
			mainGroup = D0F78B5424385BD100213881;
			productRefGroup = D0F78B5E24385BD200213881 /* Products */;
			projectDirPath = "";
			projectRoot = "";
			targets = (
				D0F78B5C24385BD200213881 /* Movie-Finder */,
			);
		};
/* End PBXProject section */

/* Begin PBXResourcesBuildPhase section */
		D0F78B5B24385BD200213881 /* Resources */ = {
			isa = PBXResourcesBuildPhase;
			buildActionMask = 2147483647;
			files = (
				D0F78B6D24385BD800213881 /* LaunchScreen.storyboard in Resources */,
				D0F78B6A24385BD800213881 /* Assets.xcassets in Resources */,
			);
			runOnlyForDeploymentPostprocessing = 0;
		};
/* End PBXResourcesBuildPhase section */

/* Begin PBXShellScriptBuildPhase section */
		49600BEDF99A43E914B7F8D5 /* [CP] Check Pods Manifest.lock */ = {
			isa = PBXShellScriptBuildPhase;
			buildActionMask = 2147483647;
			files = (
			);
			inputFileListPaths = (
			);
			inputPaths = (
				"${PODS_PODFILE_DIR_PATH}/Podfile.lock",
				"${PODS_ROOT}/Manifest.lock",
			);
			name = "[CP] Check Pods Manifest.lock";
			outputFileListPaths = (
			);
			outputPaths = (
				"$(DERIVED_FILE_DIR)/Pods-Movie-Finder-checkManifestLockResult.txt",
			);
			runOnlyForDeploymentPostprocessing = 0;
			shellPath = /bin/sh;
			shellScript = "diff \"${PODS_PODFILE_DIR_PATH}/Podfile.lock\" \"${PODS_ROOT}/Manifest.lock\" > /dev/null\nif [ $? != 0 ] ; then\n    # print error to STDERR\n    echo \"error: The sandbox is not in sync with the Podfile.lock. Run 'pod install' or update your CocoaPods installation.\" >&2\n    exit 1\nfi\n# This output is used by Xcode 'outputs' to avoid re-running this script phase.\necho \"SUCCESS\" > \"${SCRIPT_OUTPUT_FILE_0}\"\n";
			showEnvVarsInLog = 0;
		};
		5905CE554CB374F0FC6273D3 /* [CP] Embed Pods Frameworks */ = {
			isa = PBXShellScriptBuildPhase;
			buildActionMask = 2147483647;
			files = (
			);
			inputFileListPaths = (
				"${PODS_ROOT}/Target Support Files/Pods-Movie-Finder/Pods-Movie-Finder-frameworks-${CONFIGURATION}-input-files.xcfilelist",
			);
			name = "[CP] Embed Pods Frameworks";
			outputFileListPaths = (
				"${PODS_ROOT}/Target Support Files/Pods-Movie-Finder/Pods-Movie-Finder-frameworks-${CONFIGURATION}-output-files.xcfilelist",
			);
			runOnlyForDeploymentPostprocessing = 0;
			shellPath = /bin/sh;
			shellScript = "\"${PODS_ROOT}/Target Support Files/Pods-Movie-Finder/Pods-Movie-Finder-frameworks.sh\"\n";
			showEnvVarsInLog = 0;
		};
/* End PBXShellScriptBuildPhase section */

/* Begin PBXSourcesBuildPhase section */
		D0F78B5924385BD200213881 /* Sources */ = {
			isa = PBXSourcesBuildPhase;
			buildActionMask = 2147483647;
			files = (
				D0F78B6524385BD200213881 /* MovieGenresController.swift in Sources */,
				D095E9C6246253AB003CCC53 /* UIImageView+Extension.swift in Sources */,
				D095E9BC24613053003CCC53 /* '-.swift in Sources */,
				D0F78B6124385BD200213881 /* AppDelegate.swift in Sources */,
				D0F78B6324385BD200213881 /* SceneDelegate.swift in Sources */,
				D0C3256C24D9159D00321BD5 /* Actor.swift in Sources */,
				D0565446246E74AB00553C71 /* MovieView.swift in Sources */,
				D097075E24491B6200FE39BD /* MovieClient.swift in Sources */,
				D095E9BA24610F2D003CCC53 /* MovieList.swift in Sources */,
				D04D79ED24E25AA8000BE4B4 /* SimilarMoviesView.swift in Sources */,
				D04D79E424E21C5D000BE4B4 /* Video.swift in Sources */,
				D0C3256824D9098E00321BD5 /* ActorsDataSource.swift in Sources */,
				D0479E8F24DA6ADA0094DB7F /* SearchView.swift in Sources */,
				D0F78B8A244134CD00213881 /* Endpoint.swift in Sources */,
				D095E9BE2461323A003CCC53 /* MovieRecommendationView.swift in Sources */,
				D04D79E224DE0D7E000BE4B4 /* Data.swift in Sources */,
				D0C3256A24D90AC200321BD5 /* ActorCell.swift in Sources */,
				D0EB37CD247B1D8C0091EE33 /* TabController.swift in Sources */,
				D0150243247F278500979235 /* RecentMoviesStackView.swift in Sources */,
				D04D79E824E2459A000BE4B4 /* MovieListCell.swift in Sources */,
				D04D79D324DB70C0000BE4B4 /* MenuController.swift in Sources */,
				D0F78B7A243E813B00213881 /* UIView+Extension.swift in Sources */,
				D095E9B824610F21003CCC53 /* Movie.swift in Sources */,
				D0EB37CA247B1B730091EE33 /* MovieListView.swift in Sources */,
				D0C3256E24D915A600321BD5 /* ActorList.swift in Sources */,
				D0479E8D24DA6AA40094DB7F /* SearchController.swift in Sources */,
				D09E2C212457A1CE0028FC8B /* GenreList.swift in Sources */,
				D04D79D724DB71DF000BE4B4 /* MenuDataSource.swift in Sources */,
				D0565444246E749D00553C71 /* MovieController.swift in Sources */,
				D0F78B84243EAA1700213881 /* MovieGenresDataSource.swift in Sources */,
				D04D79DE24DCC7E0000BE4B4 /* ButtonsContainerView.swift in Sources */,
				D04D79EA24E25A87000BE4B4 /* SimilarMoviesController.swift in Sources */,
				D085CCE2245BB51F0047B914 /* SubgenreList.swift in Sources */,
				D0C3257324D9FD3900321BD5 /* HomeView.swift in Sources */,
				D085CCE0245B55050047B914 /* UIColor+Extension.swift in Sources */,
				D0479E8624D9FF560094DB7F /* SearchFieldView.swift in Sources */,
				D0479E8824DA0EB70094DB7F /* MovieCell.swift in Sources */,
				D095E9C4246211B4003CCC53 /* HomeCell.swift in Sources */,
				D04D79DA24DCAC67000BE4B4 /* ShuffleController.swift in Sources */,
				D0F78B862441235200213881 /* MovieGenreCell.swift in Sources */,
				D095E9C02461375F003CCC53 /* MoviesDataSource.swift in Sources */,
				D095E9C224620F9A003CCC53 /* MovieCellView.swift in Sources */,
				D04D79DC24DCAC72000BE4B4 /* ShuffleView.swift in Sources */,
				D0EB37C8247B1B610091EE33 /* MovieListController.swift in Sources */,
				D0D077302487801F00CF9F8B /* RecentMoviesDataSource.swift in Sources */,
				D0F78B77243E7E6600213881 /* MovieGenresView.swift in Sources */,
				D04D79E624E21E45000BE4B4 /* VideoList.swift in Sources */,
				D0F78B81243E9F9500213881 /* Genre.swift in Sources */,
				D0479E9124DA6D340094DB7F /* SearchDataSource.swift in Sources */,
				D0479E8A24DA14DD0094DB7F /* HomeDataSource.swift in Sources */,
				D04D79D524DB70D5000BE4B4 /* MenuCell.swift in Sources */,
				D0C3257024D9FD2100321BD5 /* HomeController.swift in Sources */,
				D09707582448FB5200FE39BD /* Result.swift in Sources */,
				D0D1DFF724E25F1400074D48 /* SimilarMoviesDataSource.swift in Sources */,
				D04D79E024DDFA42000BE4B4 /* MovieListDataSource.swift in Sources */,
				D0A2787D2478728B0065A3A3 /* MovieDescriptionView.swift in Sources */,
				D097075A2448FFE200FE39BD /* APIClient.swift in Sources */,
			);
			runOnlyForDeploymentPostprocessing = 0;
		};
/* End PBXSourcesBuildPhase section */

/* Begin PBXVariantGroup section */
		D0F78B6B24385BD800213881 /* LaunchScreen.storyboard */ = {
			isa = PBXVariantGroup;
			children = (
				D0F78B6C24385BD800213881 /* Base */,
			);
			name = LaunchScreen.storyboard;
			sourceTree = "<group>";
		};
/* End PBXVariantGroup section */

/* Begin XCBuildConfiguration section */
		D0F78B6F24385BD800213881 /* Debug */ = {
			isa = XCBuildConfiguration;
			buildSettings = {
				ALWAYS_SEARCH_USER_PATHS = NO;
				CLANG_ANALYZER_NONNULL = YES;
				CLANG_ANALYZER_NUMBER_OBJECT_CONVERSION = YES_AGGRESSIVE;
				CLANG_CXX_LANGUAGE_STANDARD = "gnu++14";
				CLANG_CXX_LIBRARY = "libc++";
				CLANG_ENABLE_MODULES = YES;
				CLANG_ENABLE_OBJC_ARC = YES;
				CLANG_ENABLE_OBJC_WEAK = YES;
				CLANG_WARN_BLOCK_CAPTURE_AUTORELEASING = YES;
				CLANG_WARN_BOOL_CONVERSION = YES;
				CLANG_WARN_COMMA = YES;
				CLANG_WARN_CONSTANT_CONVERSION = YES;
				CLANG_WARN_DEPRECATED_OBJC_IMPLEMENTATIONS = YES;
				CLANG_WARN_DIRECT_OBJC_ISA_USAGE = YES_ERROR;
				CLANG_WARN_DOCUMENTATION_COMMENTS = YES;
				CLANG_WARN_EMPTY_BODY = YES;
				CLANG_WARN_ENUM_CONVERSION = YES;
				CLANG_WARN_INFINITE_RECURSION = YES;
				CLANG_WARN_INT_CONVERSION = YES;
				CLANG_WARN_NON_LITERAL_NULL_CONVERSION = YES;
				CLANG_WARN_OBJC_IMPLICIT_RETAIN_SELF = YES;
				CLANG_WARN_OBJC_LITERAL_CONVERSION = YES;
				CLANG_WARN_OBJC_ROOT_CLASS = YES_ERROR;
				CLANG_WARN_RANGE_LOOP_ANALYSIS = YES;
				CLANG_WARN_STRICT_PROTOTYPES = YES;
				CLANG_WARN_SUSPICIOUS_MOVE = YES;
				CLANG_WARN_UNGUARDED_AVAILABILITY = YES_AGGRESSIVE;
				CLANG_WARN_UNREACHABLE_CODE = YES;
				CLANG_WARN__DUPLICATE_METHOD_MATCH = YES;
				COPY_PHASE_STRIP = NO;
				DEBUG_INFORMATION_FORMAT = dwarf;
				ENABLE_STRICT_OBJC_MSGSEND = YES;
				ENABLE_TESTABILITY = YES;
				GCC_C_LANGUAGE_STANDARD = gnu11;
				GCC_DYNAMIC_NO_PIC = NO;
				GCC_NO_COMMON_BLOCKS = YES;
				GCC_OPTIMIZATION_LEVEL = 0;
				GCC_PREPROCESSOR_DEFINITIONS = (
					"DEBUG=1",
					"$(inherited)",
				);
				GCC_WARN_64_TO_32_BIT_CONVERSION = YES;
				GCC_WARN_ABOUT_RETURN_TYPE = YES_ERROR;
				GCC_WARN_UNDECLARED_SELECTOR = YES;
				GCC_WARN_UNINITIALIZED_AUTOS = YES_AGGRESSIVE;
				GCC_WARN_UNUSED_FUNCTION = YES;
				GCC_WARN_UNUSED_VARIABLE = YES;
				IPHONEOS_DEPLOYMENT_TARGET = 13.2;
				MTL_ENABLE_DEBUG_INFO = INCLUDE_SOURCE;
				MTL_FAST_MATH = YES;
				ONLY_ACTIVE_ARCH = YES;
				SDKROOT = iphoneos;
				SWIFT_ACTIVE_COMPILATION_CONDITIONS = DEBUG;
				SWIFT_OPTIMIZATION_LEVEL = "-Onone";
			};
			name = Debug;
		};
		D0F78B7024385BD800213881 /* Release */ = {
			isa = XCBuildConfiguration;
			buildSettings = {
				ALWAYS_SEARCH_USER_PATHS = NO;
				CLANG_ANALYZER_NONNULL = YES;
				CLANG_ANALYZER_NUMBER_OBJECT_CONVERSION = YES_AGGRESSIVE;
				CLANG_CXX_LANGUAGE_STANDARD = "gnu++14";
				CLANG_CXX_LIBRARY = "libc++";
				CLANG_ENABLE_MODULES = YES;
				CLANG_ENABLE_OBJC_ARC = YES;
				CLANG_ENABLE_OBJC_WEAK = YES;
				CLANG_WARN_BLOCK_CAPTURE_AUTORELEASING = YES;
				CLANG_WARN_BOOL_CONVERSION = YES;
				CLANG_WARN_COMMA = YES;
				CLANG_WARN_CONSTANT_CONVERSION = YES;
				CLANG_WARN_DEPRECATED_OBJC_IMPLEMENTATIONS = YES;
				CLANG_WARN_DIRECT_OBJC_ISA_USAGE = YES_ERROR;
				CLANG_WARN_DOCUMENTATION_COMMENTS = YES;
				CLANG_WARN_EMPTY_BODY = YES;
				CLANG_WARN_ENUM_CONVERSION = YES;
				CLANG_WARN_INFINITE_RECURSION = YES;
				CLANG_WARN_INT_CONVERSION = YES;
				CLANG_WARN_NON_LITERAL_NULL_CONVERSION = YES;
				CLANG_WARN_OBJC_IMPLICIT_RETAIN_SELF = YES;
				CLANG_WARN_OBJC_LITERAL_CONVERSION = YES;
				CLANG_WARN_OBJC_ROOT_CLASS = YES_ERROR;
				CLANG_WARN_RANGE_LOOP_ANALYSIS = YES;
				CLANG_WARN_STRICT_PROTOTYPES = YES;
				CLANG_WARN_SUSPICIOUS_MOVE = YES;
				CLANG_WARN_UNGUARDED_AVAILABILITY = YES_AGGRESSIVE;
				CLANG_WARN_UNREACHABLE_CODE = YES;
				CLANG_WARN__DUPLICATE_METHOD_MATCH = YES;
				COPY_PHASE_STRIP = NO;
				DEBUG_INFORMATION_FORMAT = "dwarf-with-dsym";
				ENABLE_NS_ASSERTIONS = NO;
				ENABLE_STRICT_OBJC_MSGSEND = YES;
				GCC_C_LANGUAGE_STANDARD = gnu11;
				GCC_NO_COMMON_BLOCKS = YES;
				GCC_WARN_64_TO_32_BIT_CONVERSION = YES;
				GCC_WARN_ABOUT_RETURN_TYPE = YES_ERROR;
				GCC_WARN_UNDECLARED_SELECTOR = YES;
				GCC_WARN_UNINITIALIZED_AUTOS = YES_AGGRESSIVE;
				GCC_WARN_UNUSED_FUNCTION = YES;
				GCC_WARN_UNUSED_VARIABLE = YES;
				IPHONEOS_DEPLOYMENT_TARGET = 13.2;
				MTL_ENABLE_DEBUG_INFO = NO;
				MTL_FAST_MATH = YES;
				SDKROOT = iphoneos;
				SWIFT_COMPILATION_MODE = wholemodule;
				SWIFT_OPTIMIZATION_LEVEL = "-O";
				VALIDATE_PRODUCT = YES;
			};
			name = Release;
		};
		D0F78B7224385BD800213881 /* Debug */ = {
			isa = XCBuildConfiguration;
			baseConfigurationReference = BE50788DFCBD761D03012176 /* Pods-Movie-Finder.debug.xcconfig */;
			buildSettings = {
				ASSETCATALOG_COMPILER_APPICON_NAME = AppIcon;
				CODE_SIGN_STYLE = Automatic;
				DEVELOPMENT_TEAM = S7297N2DPU;
				INFOPLIST_FILE = "Movie-Finder/Info.plist";
				LD_RUNPATH_SEARCH_PATHS = (
					"$(inherited)",
					"@executable_path/Frameworks",
				);
				PRODUCT_BUNDLE_IDENTIFIER = "Alexis.Movie-Finder";
				PRODUCT_NAME = "$(TARGET_NAME)";
				SWIFT_VERSION = 5.0;
				TARGETED_DEVICE_FAMILY = "1,2";
			};
			name = Debug;
		};
		D0F78B7324385BD800213881 /* Release */ = {
			isa = XCBuildConfiguration;
			baseConfigurationReference = 31F9CC11353B80C69BC004AE /* Pods-Movie-Finder.release.xcconfig */;
			buildSettings = {
				ASSETCATALOG_COMPILER_APPICON_NAME = AppIcon;
				CODE_SIGN_STYLE = Automatic;
				DEVELOPMENT_TEAM = S7297N2DPU;
				INFOPLIST_FILE = "Movie-Finder/Info.plist";
				LD_RUNPATH_SEARCH_PATHS = (
					"$(inherited)",
					"@executable_path/Frameworks",
				);
				PRODUCT_BUNDLE_IDENTIFIER = "Alexis.Movie-Finder";
				PRODUCT_NAME = "$(TARGET_NAME)";
				SWIFT_VERSION = 5.0;
				TARGETED_DEVICE_FAMILY = "1,2";
			};
			name = Release;
		};
/* End XCBuildConfiguration section */

/* Begin XCConfigurationList section */
		D0F78B5824385BD100213881 /* Build configuration list for PBXProject "Movie-Finder" */ = {
			isa = XCConfigurationList;
			buildConfigurations = (
				D0F78B6F24385BD800213881 /* Debug */,
				D0F78B7024385BD800213881 /* Release */,
			);
			defaultConfigurationIsVisible = 0;
			defaultConfigurationName = Release;
		};
		D0F78B7124385BD800213881 /* Build configuration list for PBXNativeTarget "Movie-Finder" */ = {
			isa = XCConfigurationList;
			buildConfigurations = (
				D0F78B7224385BD800213881 /* Debug */,
				D0F78B7324385BD800213881 /* Release */,
			);
			defaultConfigurationIsVisible = 0;
			defaultConfigurationName = Release;
		};
/* End XCConfigurationList section */
	};
	rootObject = D0F78B5524385BD100213881 /* Project object */;
}
